
Microsoft Visual Studio Solution File, Format Version 12.00
# Visual Studio Version 17
VisualStudioVersion = 17.10.34916.146
MinimumVisualStudioVersion = 10.0.40219.1
Project("{FAE04EC0-301F-11D3-BF4B-00C04F79EFBC}") = "AulaMVVMHTTPClient", "AulaMVVMHTTPClient\AulaMVVMHTTPClient.csproj", "{B23D2B4B-74B5-4DED-8A32-2F0C7DB93253}"
EndProject
Global
	GlobalSection(SolutionConfigurationPlatforms) = preSolution
		Debug|Any CPU = Debug|Any CPU
		Release|Any CPU = Release|Any CPU
	EndGlobalSection
	GlobalSection(ProjectConfigurationPlatforms) = postSolution
		{B23D2B4B-74B5-4DED-8A32-2F0C7DB93253}.Debug|Any CPU.ActiveCfg = Debug|Any CPU
		{B23D2B4B-74B5-4DED-8A32-2F0C7DB93253}.Debug|Any CPU.Build.0 = Debug|Any CPU
		{B23D2B4B-74B5-4DED-8A32-2F0C7DB93253}.Debug|Any CPU.Deploy.0 = Debug|Any CPU
		{B23D2B4B-74B5-4DED-8A32-2F0C7DB93253}.Release|Any CPU.ActiveCfg = Release|Any CPU
		{B23D2B4B-74B5-4DED-8A32-2F0C7DB93253}.Release|Any CPU.Build.0 = Release|Any CPU
		{B23D2B4B-74B5-4DED-8A32-2F0C7DB93253}.Release|Any CPU.Deploy.0 = Release|Any CPU
	EndGlobalSection
	GlobalSection(SolutionProperties) = preSolution
		HideSolutionNode = FALSE
	EndGlobalSection
	GlobalSection(ExtensibilityGlobals) = postSolution
		SolutionGuid = {853543BD-508D-4DC5-9F81-FC5D0FC69B82}
	EndGlobalSection
EndGlobal
